// !$*UTF8*$!
{ archiveVersion = 1; classes = {}; objectVersion = 56; objects = {
888E4D582D80DAC2632569B5 = { isa = PBXFileReference; lastKnownFileType = sourcecode.swift; path = "Reader/App.swift"; sourceTree = SOURCE_ROOT; };
BCF9CCC364E95D98AEF5F79A = { isa = PBXBuildFile; fileRef = 888E4D582D80DAC2632569B5; };
B26F35B60660C279953FCB9E = { isa = PBXFileReference; lastKnownFileType = sourcecode.swift; path = "Reader/Models.swift"; sourceTree = SOURCE_ROOT; };
61D3B34AF918FCC09A4C564F = { isa = PBXBuildFile; fileRef = B26F35B60660C279953FCB9E; };
FDBCDEE959DFDBD93D372A2D = { isa = PBXFileReference; lastKnownFileType = sourcecode.swift; path = "Reader/ZIPReader.swift"; sourceTree = SOURCE_ROOT; };
B5CF9BCDF2770E546506B997 = { isa = PBXBuildFile; fileRef = FDBCDEE959DFDBD93D372A2D; };
FE82C79A4F20D711AE55787F = { isa = PBXFileReference; lastKnownFileType = sourcecode.c.c; path = "Reader/ZipBridge.c"; sourceTree = SOURCE_ROOT; };
A16DA6BFCDE67D6BB6595257 = { isa = PBXBuildFile; fileRef = FE82C79A4F20D711AE55787F; };
6BE1AE5EBCF3B925C2898ED1 = { isa = PBXFileReference; lastKnownFileType = sourcecode.swift; path = "ReaderTests/ReaderTests.swift"; sourceTree = SOURCE_ROOT; };
4C1F1227541DF21D732E88B3 = { isa = PBXBuildFile; fileRef = 6BE1AE5EBCF3B925C2898ED1; };
763D774377779C412BB71F6F = { isa = PBXFileReference; explicitFileType = wrapper.application; path = LocalReader.app; sourceTree = BUILT_PRODUCTS_DIR; };
00444E2C37DD529B70E931A2 = { isa = PBXFileReference; explicitFileType = wrapper.cfbundle; path = LocalReaderTests.xctest; sourceTree = BUILT_PRODUCTS_DIR; };
0A3E27B8CA818264D75C8D81 = { isa = PBXGroup; children = (763D774377779C412BB71F6F,00444E2C37DD529B70E931A2,); name = Products; sourceTree = "<group>"; };
4813494D137E1631BBA301D5 = { isa = PBXGroup; children = (888E4D582D80DAC2632569B5,B26F35B60660C279953FCB9E,FDBCDEE959DFDBD93D372A2D,FE82C79A4F20D711AE55787F,6BE1AE5EBCF3B925C2898ED1,0A3E27B8CA818264D75C8D81,); sourceTree = "<group>"; };
878A52FC5FF6A57D50B7B870 = { isa = PBXSourcesBuildPhase; buildActionMask = 2147483647; files = (BCF9CCC364E95D98AEF5F79A,61D3B34AF918FCC09A4C564F,B5CF9BCDF2770E546506B997,A16DA6BFCDE67D6BB6595257,); runOnlyForDeploymentPostprocessing = 0; };
B2298129A58493C45A5D7D9A = { isa = PBXSourcesBuildPhase; buildActionMask = 2147483647; files = (4C1F1227541DF21D732E88B3,); runOnlyForDeploymentPostprocessing = 0; };
06A61DF042AD775E8BDD2766 = { isa = PBXFrameworksBuildPhase; buildActionMask = 2147483647; files = (); runOnlyForDeploymentPostprocessing = 0; };
41D311A605520FC7B8B9A980 = { isa = PBXResourcesBuildPhase; buildActionMask = 2147483647; files = (); runOnlyForDeploymentPostprocessing = 0; };
73EBF6644258C120893E685D = { isa = XCBuildConfiguration; buildSettings = {IPHONEOS_DEPLOYMENT_TARGET = "16.0"; SWIFT_VERSION = "5.0"; SDKROOT = "iphoneos"; CLANG_ENABLE_MODULES = "YES"; CLANG_ENABLE_OBJC_ARC = "YES"; TARGETED_DEVICE_FAMILY = "1,2"; SWIFT_OPTIMIZATION_LEVEL = "-Onone"; DEBUG_INFORMATION_FORMAT = "dwarf"; ENABLE_TESTABILITY = "YES"; SWIFT_ACTIVE_COMPILATION_CONDITIONS = "DEBUG";}; name = Debug; };
0B0C687DF8B6B8DC790B519C = { isa = XCBuildConfiguration; buildSettings = {IPHONEOS_DEPLOYMENT_TARGET = "16.0"; SWIFT_VERSION = "5.0"; SDKROOT = "iphoneos"; CLANG_ENABLE_MODULES = "YES"; CLANG_ENABLE_OBJC_ARC = "YES"; TARGETED_DEVICE_FAMILY = "1,2"; SWIFT_OPTIMIZATION_LEVEL = "-O"; DEBUG_INFORMATION_FORMAT = "dwarf"; ENABLE_TESTABILITY = "NO"; SWIFT_ACTIVE_COMPILATION_CONDITIONS = "";}; name = Release; };
4AA05EC3301949773ED0AC0A = { isa = XCConfigurationList; buildConfigurations = (73EBF6644258C120893E685D,0B0C687DF8B6B8DC790B519C,); defaultConfigurationIsVisible = 0; defaultConfigurationName = Release; };
B00CCDD09424E369308D67FA = { isa = XCBuildConfiguration; buildSettings = {IPHONEOS_DEPLOYMENT_TARGET = "16.0"; SWIFT_VERSION = "5.0"; SDKROOT = "iphoneos"; CLANG_ENABLE_MODULES = "YES"; CLANG_ENABLE_OBJC_ARC = "YES"; TARGETED_DEVICE_FAMILY = "1,2"; SWIFT_OPTIMIZATION_LEVEL = "-Onone"; DEBUG_INFORMATION_FORMAT = "dwarf"; ENABLE_TESTABILITY = "YES"; SWIFT_ACTIVE_COMPILATION_CONDITIONS = "DEBUG"; PRODUCT_BUNDLE_IDENTIFIER = "com.kupetis.localreader"; PRODUCT_NAME = "LocalReader"; GENERATE_INFOPLIST_FILE = "YES"; INFOPLIST_KEY_CFBundleDisplayName = "\u672c\u5730\u9605\u8bfb\u00b7\u5f00\u53d1\u7248"; INFOPLIST_KEY_UILaunchScreen_Generation = "YES"; INFOPLIST_KEY_UISupportedInterfaceOrientations = "UIInterfaceOrientationPortrait UIInterfaceOrientationLandscapeLeft UIInterfaceOrientationLandscapeRight"; SWIFT_OBJC_BRIDGING_HEADER = "Reader/ZipBridge.h"; OTHER_LDFLAGS = "-lz"; CURRENT_PROJECT_VERSION = "1"; MARKETING_VERSION = "0.1.0"; CODE_SIGN_STYLE = "Automatic"; SUPPORTED_PLATFORMS = "iphoneos iphonesimulator";}; name = Debug; };
1B104479E55E37CF8A63CBDF = { isa = XCBuildConfiguration; buildSettings = {IPHONEOS_DEPLOYMENT_TARGET = "16.0"; SWIFT_VERSION = "5.0"; SDKROOT = "iphoneos"; CLANG_ENABLE_MODULES = "YES"; CLANG_ENABLE_OBJC_ARC = "YES"; TARGETED_DEVICE_FAMILY = "1,2"; SWIFT_OPTIMIZATION_LEVEL = "-O"; DEBUG_INFORMATION_FORMAT = "dwarf"; ENABLE_TESTABILITY = "NO"; SWIFT_ACTIVE_COMPILATION_CONDITIONS = ""; PRODUCT_BUNDLE_IDENTIFIER = "com.kupetis.localreader"; PRODUCT_NAME = "LocalReader"; GENERATE_INFOPLIST_FILE = "YES"; INFOPLIST_KEY_CFBundleDisplayName = "\u672c\u5730\u9605\u8bfb\u00b7\u5f00\u53d1\u7248"; INFOPLIST_KEY_UILaunchScreen_Generation = "YES"; INFOPLIST_KEY_UISupportedInterfaceOrientations = "UIInterfaceOrientationPortrait UIInterfaceOrientationLandscapeLeft UIInterfaceOrientationLandscapeRight"; SWIFT_OBJC_BRIDGING_HEADER = "Reader/ZipBridge.h"; OTHER_LDFLAGS = "-lz"; CURRENT_PROJECT_VERSION = "1"; MARKETING_VERSION = "0.1.0"; CODE_SIGN_STYLE = "Automatic"; SUPPORTED_PLATFORMS = "iphoneos iphonesimulator";}; name = Release; };
671B466153DB183FE9E409BE = { isa = XCConfigurationList; buildConfigurations = (B00CCDD09424E369308D67FA,1B104479E55E37CF8A63CBDF,); defaultConfigurationIsVisible = 0; defaultConfigurationName = Release; };
22341BB87F410D35D057D37C = { isa = XCBuildConfiguration; buildSettings = {IPHONEOS_DEPLOYMENT_TARGET = "16.0"; SWIFT_VERSION = "5.0"; SDKROOT = "iphoneos"; CLANG_ENABLE_MODULES = "YES"; CLANG_ENABLE_OBJC_ARC = "YES"; TARGETED_DEVICE_FAMILY = "1,2"; SWIFT_OPTIMIZATION_LEVEL = "-Onone"; DEBUG_INFORMATION_FORMAT = "dwarf"; ENABLE_TESTABILITY = "YES"; SWIFT_ACTIVE_COMPILATION_CONDITIONS = "DEBUG"; PRODUCT_BUNDLE_IDENTIFIER = "com.kupetis.localreader.tests"; PRODUCT_NAME = "LocalReaderTests"; GENERATE_INFOPLIST_FILE = "YES"; TEST_HOST = "$(BUILT_PRODUCTS_DIR)/LocalReader.app/LocalReader"; BUNDLE_LOADER = "$(TEST_HOST)"; SWIFT_OBJC_BRIDGING_HEADER = "Reader/ZipBridge.h"; OTHER_LDFLAGS = "-lz";}; name = Debug; };
A188B1844D481F2A55033242 = { isa = XCBuildConfiguration; buildSettings = {IPHONEOS_DEPLOYMENT_TARGET = "16.0"; SWIFT_VERSION = "5.0"; SDKROOT = "iphoneos"; CLANG_ENABLE_MODULES = "YES"; CLANG_ENABLE_OBJC_ARC = "YES"; TARGETED_DEVICE_FAMILY = "1,2"; SWIFT_OPTIMIZATION_LEVEL = "-O"; DEBUG_INFORMATION_FORMAT = "dwarf"; ENABLE_TESTABILITY = "NO"; SWIFT_ACTIVE_COMPILATION_CONDITIONS = ""; PRODUCT_BUNDLE_IDENTIFIER = "com.kupetis.localreader.tests"; PRODUCT_NAME = "LocalReaderTests"; GENERATE_INFOPLIST_FILE = "YES"; TEST_HOST = "$(BUILT_PRODUCTS_DIR)/LocalReader.app/LocalReader"; BUNDLE_LOADER = "$(TEST_HOST)"; SWIFT_OBJC_BRIDGING_HEADER = "Reader/ZipBridge.h"; OTHER_LDFLAGS = "-lz";}; name = Release; };
81E1DC6C205DA91DF0465737 = { isa = XCConfigurationList; buildConfigurations = (22341BB87F410D35D057D37C,A188B1844D481F2A55033242,); defaultConfigurationIsVisible = 0; defaultConfigurationName = Release; };
A172CEDCAE47474B615C54D5 = { isa = PBXNativeTarget; buildConfigurationList = 671B466153DB183FE9E409BE; buildPhases = (878A52FC5FF6A57D50B7B870,06A61DF042AD775E8BDD2766,41D311A605520FC7B8B9A980,); buildRules = (); dependencies = (); name = LocalReader; productName = LocalReader; productReference = 763D774377779C412BB71F6F; productType = "com.apple.product-type.application"; };
1241936D4DD3AAD68FE7BFBD = { isa = PBXContainerItemProxy; containerPortal = 244210E48437B6556980A702; proxyType = 1; remoteGlobalIDString = A172CEDCAE47474B615C54D5; remoteInfo = LocalReader; };
F26350DAFE3F19AABFD69AC4 = { isa = PBXTargetDependency; target = A172CEDCAE47474B615C54D5; targetProxy = 1241936D4DD3AAD68FE7BFBD; };
59830EBC3A4184110566BF1A = { isa = PBXNativeTarget; buildConfigurationList = 81E1DC6C205DA91DF0465737; buildPhases = (B2298129A58493C45A5D7D9A,); buildRules = (); dependencies = (F26350DAFE3F19AABFD69AC4,); name = LocalReaderTests; productName = LocalReaderTests; productReference = 00444E2C37DD529B70E931A2; productType = "com.apple.product-type.bundle.unit-test"; };
244210E48437B6556980A702 = { isa = PBXProject; attributes = { LastUpgradeCheck = 1640; TargetAttributes = { 59830EBC3A4184110566BF1A = { TestTargetID = A172CEDCAE47474B615C54D5; }; }; }; buildConfigurationList = 4AA05EC3301949773ED0AC0A; compatibilityVersion = "Xcode 14.0"; developmentRegion = en; hasScannedForEncodings = 0; knownRegions = (en,Base); mainGroup = 4813494D137E1631BBA301D5; productRefGroup = 0A3E27B8CA818264D75C8D81; projectDirPath = ""; projectRoot = ""; targets = (A172CEDCAE47474B615C54D5,59830EBC3A4184110566BF1A,); };
}; rootObject = 244210E48437B6556980A702; }
